Microsoft Visual Studio Solution File, Format Version 11.00
# Visual Studio 2010
Project("{FAE04EC0-301F-11D3-BF4B-00C04F79EFBC}") = "Assembly-CSharp", "Assembly-CSharp.csproj", "{AE45E2D8-90C5-8F7A-A40F-90FC53B2E71B}"
EndProject
Global
	GlobalSection(SolutionConfigurationPlatforms) = preSolution
		Debug|Any CPU = Debug|Any CPU
		Release|Any CPU = Release|Any CPU
	EndGlobalSection
	GlobalSection(ProjectConfigurationPlatforms) = postSolution
		{AE45E2D8-90C5-8F7A-A40F-90FC53B2E71B}.Debug|Any CPU.ActiveCfg = Debug|Any CPU
		{AE45E2D8-90C5-8F7A-A40F-90FC53B2E71B}.Debug|Any CPU.Build.0 = Debug|Any CPU
		{AE45E2D8-90C5-8F7A-A40F-90FC53B2E71B}.Release|Any CPU.ActiveCfg = Release|Any CPU
		{AE45E2D8-90C5-8F7A-A40F-90FC53B2E71B}.Release|Any CPU.Build.0 = Release|Any CPU
	EndGlobalSection
	GlobalSection(SolutionProperties) = preSolution
		HideSolutionNode = FALSE
	EndGlobalSection
	GlobalSection(MonoDevelopProperties) = preSolution
		StartupItem = Assembly-CSharp.csproj
	EndGlobalSection
EndGlobal
